
Microsoft Visual Studio Solution File, Format Version 12.00
# Visual Studio Version 17
VisualStudioVersion = 17.0.31611.283
MinimumVisualStudioVersion = 10.0.40219.1
Project("{9A19103F-16F7-4668-BE54-9A1E7A4F7556}") = "Contact.Maui", "Contact.Maui\Contact.Maui.csproj", "{A065A181-0E41-440F-B713-78BFCCFF86E8}"
EndProject
Project("{9A19103F-16F7-4668-BE54-9A1E7A4F7556}") = "Contact.CoreBusiness", "Contact.CoreBusiness\Contact.CoreBusiness.csproj", "{44EAB6E0-1163-4030-8A34-4184461DDB57}"
EndProject
Project("{9A19103F-16F7-4668-BE54-9A1E7A4F7556}") = "Contact.UseCases", "Contact.UseCases\Contact.UseCases.csproj", "{067E3ABF-3143-4CF9-955C-DCD4680E228B}"
EndProject
Project("{2150E333-8FDC-42A3-9474-1A3956D46DE8}") = "Plugins", "Plugins", "{3D661663-C7F1-463E-A40A-6B9AEF11932A}"
EndProject
Project("{9A19103F-16F7-4668-BE54-9A1E7A4F7556}") = "Contac.Plugins.DataStore.InMemory", "Contac.Plugins.DataStore.InMemory\Contac.Plugins.DataStore.InMemory.csproj", "{85B027E9-BD90-47AB-B5F3-A1E4420EE3E7}"
EndProject
Project("{9A19103F-16F7-4668-BE54-9A1E7A4F7556}") = "Contacts.Plugins.DataStore.SQLLite", "Contacts.Plugins.DataStore.SQLLite\Contacts.Plugins.DataStore.SQLLite.csproj", "{94296122-F9CF-4712-AB5F-82588A412BBC}"
EndProject
Project("{FAE04EC0-301F-11D3-BF4B-00C04F79EFBC}") = "Contacts.WebApi", "Contacts.WebApi\Contacts.WebApi.csproj", "{0AB6F9F3-F59F-47C8-90F2-249AA10550A8}"
EndProject
Global
	GlobalSection(SolutionConfigurationPlatforms) = preSolution
		Debug|Any CPU = Debug|Any CPU
		Release|Any CPU = Release|Any CPU
	EndGlobalSection
	GlobalSection(ProjectConfigurationPlatforms) = postSolution
		{A065A181-0E41-440F-B713-78BFCCFF86E8}.Debug|Any CPU.ActiveCfg = Debug|Any CPU
		{A065A181-0E41-440F-B713-78BFCCFF86E8}.Debug|Any CPU.Build.0 = Debug|Any CPU
		{A065A181-0E41-440F-B713-78BFCCFF86E8}.Debug|Any CPU.Deploy.0 = Debug|Any CPU
		{A065A181-0E41-440F-B713-78BFCCFF86E8}.Release|Any CPU.ActiveCfg = Release|Any CPU
		{A065A181-0E41-440F-B713-78BFCCFF86E8}.Release|Any CPU.Build.0 = Release|Any CPU
		{A065A181-0E41-440F-B713-78BFCCFF86E8}.Release|Any CPU.Deploy.0 = Release|Any CPU
		{44EAB6E0-1163-4030-8A34-4184461DDB57}.Debug|Any CPU.ActiveCfg = Debug|Any CPU
		{44EAB6E0-1163-4030-8A34-4184461DDB57}.Debug|Any CPU.Build.0 = Debug|Any CPU
		{44EAB6E0-1163-4030-8A34-4184461DDB57}.Release|Any CPU.ActiveCfg = Release|Any CPU
		{44EAB6E0-1163-4030-8A34-4184461DDB57}.Release|Any CPU.Build.0 = Release|Any CPU
		{067E3ABF-3143-4CF9-955C-DCD4680E228B}.Debug|Any CPU.ActiveCfg = Debug|Any CPU
		{067E3ABF-3143-4CF9-955C-DCD4680E228B}.Debug|Any CPU.Build.0 = Debug|Any CPU
		{067E3ABF-3143-4CF9-955C-DCD4680E228B}.Release|Any CPU.ActiveCfg = Release|Any CPU
		{067E3ABF-3143-4CF9-955C-DCD4680E228B}.Release|Any CPU.Build.0 = Release|Any CPU
		{85B027E9-BD90-47AB-B5F3-A1E4420EE3E7}.Debug|Any CPU.ActiveCfg = Debug|Any CPU
		{85B027E9-BD90-47AB-B5F3-A1E4420EE3E7}.Debug|Any CPU.Build.0 = Debug|Any CPU
		{85B027E9-BD90-47AB-B5F3-A1E4420EE3E7}.Release|Any CPU.ActiveCfg = Release|Any CPU
		{85B027E9-BD90-47AB-B5F3-A1E4420EE3E7}.Release|Any CPU.Build.0 = Release|Any CPU
		{94296122-F9CF-4712-AB5F-82588A412BBC}.Debug|Any CPU.ActiveCfg = Debug|Any CPU
		{94296122-F9CF-4712-AB5F-82588A412BBC}.Debug|Any CPU.Build.0 = Debug|Any CPU
		{94296122-F9CF-4712-AB5F-82588A412BBC}.Release|Any CPU.ActiveCfg = Release|Any CPU
		{94296122-F9CF-4712-AB5F-82588A412BBC}.Release|Any CPU.Build.0 = Release|Any CPU
		{0AB6F9F3-F59F-47C8-90F2-249AA10550A8}.Debug|Any CPU.ActiveCfg = Debug|Any CPU
		{0AB6F9F3-F59F-47C8-90F2-249AA10550A8}.Debug|Any CPU.Build.0 = Debug|Any CPU
		{0AB6F9F3-F59F-47C8-90F2-249AA10550A8}.Release|Any CPU.ActiveCfg = Release|Any CPU
		{0AB6F9F3-F59F-47C8-90F2-249AA10550A8}.Release|Any CPU.Build.0 = Release|Any CPU
	EndGlobalSection
	GlobalSection(SolutionProperties) = preSolution
		HideSolutionNode = FALSE
	EndGlobalSection
	GlobalSection(NestedProjects) = preSolution
		{85B027E9-BD90-47AB-B5F3-A1E4420EE3E7} = {3D661663-C7F1-463E-A40A-6B9AEF11932A}
		{94296122-F9CF-4712-AB5F-82588A412BBC} = {3D661663-C7F1-463E-A40A-6B9AEF11932A}
	EndGlobalSection
	GlobalSection(ExtensibilityGlobals) = postSolution
		SolutionGuid = {61F7FB11-1E47-470C-91E2-47F8143E1572}
	EndGlobalSection
EndGlobal
